
Microsoft Visual Studio Solution File, Format Version 12.00
# Visual Studio 15
VisualStudioVersion = 15.0.28010.2050
MinimumVisualStudioVersion = 10.0.40219.1
Project("{FAE04EC0-301F-11D3-BF4B-00C04F79EFBC}") = "Monoploy Project", "Monoploy Project\Monoploy Project.csproj", "{AEE9C0CE-5C97-4504-BE71-1430D7AEAE0C}"
EndProject
Global
	GlobalSection(SolutionConfigurationPlatforms) = preSolution
		Debug|Any CPU = Debug|Any CPU
		Release|Any CPU = Release|Any CPU
	EndGlobalSection
	GlobalSection(ProjectConfigurationPlatforms) = postSolution
		{AEE9C0CE-5C97-4504-BE71-1430D7AEAE0C}.Debug|Any CPU.ActiveCfg = Debug|Any CPU
		{AEE9C0CE-5C97-4504-BE71-1430D7AEAE0C}.Debug|Any CPU.Build.0 = Debug|Any CPU
		{AEE9C0CE-5C97-4504-BE71-1430D7AEAE0C}.Release|Any CPU.ActiveCfg = Release|Any CPU
		{AEE9C0CE-5C97-4504-BE71-1430D7AEAE0C}.Release|Any CPU.Build.0 = Release|Any CPU
	EndGlobalSection
	GlobalSection(SolutionProperties) = preSolution
		HideSolutionNode = FALSE
	EndGlobalSection
	GlobalSection(ExtensibilityGlobals) = postSolution
		SolutionGuid = {DF8CD691-4805-46DE-BE6E-39D35E740880}
	EndGlobalSection
EndGlobal
